
Microsoft Visual Studio Solution File, Format Version 12.00
# Visual Studio Version 16
VisualStudioVersion = 16.0.31702.278
MinimumVisualStudioVersion = 10.0.40219.1
Project("{9A19103F-16F7-4668-BE54-9A1E7A4F7556}") = "pz_5", "pz_5\pz_5.csproj", "{A2F57D02-4E13-4D0E-8141-BCB2A5C5A099}"
EndProject
Project("{9A19103F-16F7-4668-BE54-9A1E7A4F7556}") = "pz_6", "pz_6\pz_6.csproj", "{F777E8B0-B24A-4C2F-8F7E-9C7EBCB197D9}"
EndProject
Project("{FAE04EC0-301F-11D3-BF4B-00C04F79EFBC}") = "pz_8", "pz_8\pz_8.csproj", "{C07F1F1E-7C84-44BF-A787-0161A86AF7C3}"
EndProject
Project("{9A19103F-16F7-4668-BE54-9A1E7A4F7556}") = "pz_9", "pz_9\pz_9.csproj", "{FE4E991C-F2C8-4EA0-B140-252139F28184}"
EndProject
Project("{9A19103F-16F7-4668-BE54-9A1E7A4F7556}") = "pz_10", "pz_10\pz_10.csproj", "{97971E75-34E0-42B7-BC05-8C4CDF2E9030}"
EndProject
Project("{9A19103F-16F7-4668-BE54-9A1E7A4F7556}") = "pz_11", "pz_11\pz_11.csproj", "{C5E022EA-E6D6-4FD9-9803-6856B68E1F15}"
EndProject
Project("{9A19103F-16F7-4668-BE54-9A1E7A4F7556}") = "pz_12", "pz_12\pz_12.csproj", "{C382F1C2-A08C-41AD-A9F4-98FF7238E611}"
EndProject
Project("{9A19103F-16F7-4668-BE54-9A1E7A4F7556}") = "pz_13", "pz_13\pz_13.csproj", "{895FD095-9577-4D6C-9614-6C6DF4223675}"
EndProject
Project("{9A19103F-16F7-4668-BE54-9A1E7A4F7556}") = "PZ_14", "PZ_14\PZ_14.csproj", "{BB667FB5-1A46-4A74-BC0E-7BC92FACAF3D}"
EndProject
Project("{9A19103F-16F7-4668-BE54-9A1E7A4F7556}") = "pz_15", "pz_15\pz_15.csproj", "{A8729B64-E980-4DF3-82F2-445567E46205}"
EndProject
Project("{9A19103F-16F7-4668-BE54-9A1E7A4F7556}") = "pz_16", "pz_16\pz_16.csproj", "{A7FCFA87-F1B0-44E2-9A5E-8966C27C93B9}"
EndProject
Project("{9A19103F-16F7-4668-BE54-9A1E7A4F7556}") = "pz_17", "pz_17\pz_17.csproj", "{F5F672D1-4A58-4D52-B6C2-51A99BA50984}"
EndProject
Project("{9A19103F-16F7-4668-BE54-9A1E7A4F7556}") = "пирамидка", "пирамидка\пирамидка.csproj", "{D8AF6B55-A6B6-419A-B0D3-CD95737C2C02}"
EndProject
Project("{FAE04EC0-301F-11D3-BF4B-00C04F79EFBC}") = "pz_18L", "pz_18L\pz_18L.csproj", "{9FA4BE79-A109-4340-AACE-D71DD5CF1CE0}"
EndProject
Project("{FAE04EC0-301F-11D3-BF4B-00C04F79EFBC}") = "pz_18", "pz_18\pz_18.csproj", "{5E71A589-90D8-42F2-AA91-5690E88DEEB1}"
EndProject
Global
	GlobalSection(SolutionConfigurationPlatforms) = preSolution
		Debug|Any CPU = Debug|Any CPU
		Release|Any CPU = Release|Any CPU
	EndGlobalSection
	GlobalSection(ProjectConfigurationPlatforms) = postSolution
		{A2F57D02-4E13-4D0E-8141-BCB2A5C5A099}.Debug|Any CPU.ActiveCfg = Debug|Any CPU
		{A2F57D02-4E13-4D0E-8141-BCB2A5C5A099}.Debug|Any CPU.Build.0 = Debug|Any CPU
		{A2F57D02-4E13-4D0E-8141-BCB2A5C5A099}.Release|Any CPU.ActiveCfg = Release|Any CPU
		{A2F57D02-4E13-4D0E-8141-BCB2A5C5A099}.Release|Any CPU.Build.0 = Release|Any CPU
		{F777E8B0-B24A-4C2F-8F7E-9C7EBCB197D9}.Debug|Any CPU.ActiveCfg = Debug|Any CPU
		{F777E8B0-B24A-4C2F-8F7E-9C7EBCB197D9}.Debug|Any CPU.Build.0 = Debug|Any CPU
		{F777E8B0-B24A-4C2F-8F7E-9C7EBCB197D9}.Release|Any CPU.ActiveCfg = Release|Any CPU
		{F777E8B0-B24A-4C2F-8F7E-9C7EBCB197D9}.Release|Any CPU.Build.0 = Release|Any CPU
		{C07F1F1E-7C84-44BF-A787-0161A86AF7C3}.Debug|Any CPU.ActiveCfg = Debug|Any CPU
		{C07F1F1E-7C84-44BF-A787-0161A86AF7C3}.Debug|Any CPU.Build.0 = Debug|Any CPU
		{C07F1F1E-7C84-44BF-A787-0161A86AF7C3}.Release|Any CPU.ActiveCfg = Release|Any CPU
		{C07F1F1E-7C84-44BF-A787-0161A86AF7C3}.Release|Any CPU.Build.0 = Release|Any CPU
		{FE4E991C-F2C8-4EA0-B140-252139F28184}.Debug|Any CPU.ActiveCfg = Debug|Any CPU
		{FE4E991C-F2C8-4EA0-B140-252139F28184}.Debug|Any CPU.Build.0 = Debug|Any CPU
		{FE4E991C-F2C8-4EA0-B140-252139F28184}.Release|Any CPU.ActiveCfg = Release|Any CPU
		{FE4E991C-F2C8-4EA0-B140-252139F28184}.Release|Any CPU.Build.0 = Release|Any CPU
		{97971E75-34E0-42B7-BC05-8C4CDF2E9030}.Debug|Any CPU.ActiveCfg = Debug|Any CPU
		{97971E75-34E0-42B7-BC05-8C4CDF2E9030}.Debug|Any CPU.Build.0 = Debug|Any CPU
		{97971E75-34E0-42B7-BC05-8C4CDF2E9030}.Release|Any CPU.ActiveCfg = Release|Any CPU
		{97971E75-34E0-42B7-BC05-8C4CDF2E9030}.Release|Any CPU.Build.0 = Release|Any CPU
		{C5E022EA-E6D6-4FD9-9803-6856B68E1F15}.Debug|Any CPU.ActiveCfg = Debug|Any CPU
		{C5E022EA-E6D6-4FD9-9803-6856B68E1F15}.Debug|Any CPU.Build.0 = Debug|Any CPU
		{C5E022EA-E6D6-4FD9-9803-6856B68E1F15}.Release|Any CPU.ActiveCfg = Release|Any CPU
		{C5E022EA-E6D6-4FD9-9803-6856B68E1F15}.Release|Any CPU.Build.0 = Release|Any CPU
		{C382F1C2-A08C-41AD-A9F4-98FF7238E611}.Debug|Any CPU.ActiveCfg = Debug|Any CPU
		{C382F1C2-A08C-41AD-A9F4-98FF7238E611}.Debug|Any CPU.Build.0 = Debug|Any CPU
		{C382F1C2-A08C-41AD-A9F4-98FF7238E611}.Release|Any CPU.ActiveCfg = Release|Any CPU
		{C382F1C2-A08C-41AD-A9F4-98FF7238E611}.Release|Any CPU.Build.0 = Release|Any CPU
		{895FD095-9577-4D6C-9614-6C6DF4223675}.Debug|Any CPU.ActiveCfg = Debug|Any CPU
		{895FD095-9577-4D6C-9614-6C6DF4223675}.Debug|Any CPU.Build.0 = Debug|Any CPU
		{895FD095-9577-4D6C-9614-6C6DF4223675}.Release|Any CPU.ActiveCfg = Release|Any CPU
		{895FD095-9577-4D6C-9614-6C6DF4223675}.Release|Any CPU.Build.0 = Release|Any CPU
		{BB667FB5-1A46-4A74-BC0E-7BC92FACAF3D}.Debug|Any CPU.ActiveCfg = Debug|Any CPU
		{BB667FB5-1A46-4A74-BC0E-7BC92FACAF3D}.Debug|Any CPU.Build.0 = Debug|Any CPU
		{BB667FB5-1A46-4A74-BC0E-7BC92FACAF3D}.Release|Any CPU.ActiveCfg = Release|Any CPU
		{BB667FB5-1A46-4A74-BC0E-7BC92FACAF3D}.Release|Any CPU.Build.0 = Release|Any CPU
		{A8729B64-E980-4DF3-82F2-445567E46205}.Debug|Any CPU.ActiveCfg = Debug|Any CPU
		{A8729B64-E980-4DF3-82F2-445567E46205}.Debug|Any CPU.Build.0 = Debug|Any CPU
		{A8729B64-E980-4DF3-82F2-445567E46205}.Release|Any CPU.ActiveCfg = Release|Any CPU
		{A8729B64-E980-4DF3-82F2-445567E46205}.Release|Any CPU.Build.0 = Release|Any CPU
		{A7FCFA87-F1B0-44E2-9A5E-8966C27C93B9}.Debug|Any CPU.ActiveCfg = Debug|Any CPU
		{A7FCFA87-F1B0-44E2-9A5E-8966C27C93B9}.Debug|Any CPU.Build.0 = Debug|Any CPU
		{A7FCFA87-F1B0-44E2-9A5E-8966C27C93B9}.Release|Any CPU.ActiveCfg = Release|Any CPU
		{A7FCFA87-F1B0-44E2-9A5E-8966C27C93B9}.Release|Any CPU.Build.0 = Release|Any CPU
		{F5F672D1-4A58-4D52-B6C2-51A99BA50984}.Debug|Any CPU.ActiveCfg = Debug|Any CPU
		{F5F672D1-4A58-4D52-B6C2-51A99BA50984}.Debug|Any CPU.Build.0 = Debug|Any CPU
		{F5F672D1-4A58-4D52-B6C2-51A99BA50984}.Release|Any CPU.ActiveCfg = Release|Any CPU
		{F5F672D1-4A58-4D52-B6C2-51A99BA50984}.Release|Any CPU.Build.0 = Release|Any CPU
		{D8AF6B55-A6B6-419A-B0D3-CD95737C2C02}.Debug|Any CPU.ActiveCfg = Debug|Any CPU
		{D8AF6B55-A6B6-419A-B0D3-CD95737C2C02}.Debug|Any CPU.Build.0 = Debug|Any CPU
		{D8AF6B55-A6B6-419A-B0D3-CD95737C2C02}.Release|Any CPU.ActiveCfg = Release|Any CPU
		{D8AF6B55-A6B6-419A-B0D3-CD95737C2C02}.Release|Any CPU.Build.0 = Release|Any CPU
		{9FA4BE79-A109-4340-AACE-D71DD5CF1CE0}.Debug|Any CPU.ActiveCfg = Debug|Any CPU
		{9FA4BE79-A109-4340-AACE-D71DD5CF1CE0}.Debug|Any CPU.Build.0 = Debug|Any CPU
		{9FA4BE79-A109-4340-AACE-D71DD5CF1CE0}.Release|Any CPU.ActiveCfg = Release|Any CPU
		{9FA4BE79-A109-4340-AACE-D71DD5CF1CE0}.Release|Any CPU.Build.0 = Release|Any CPU
		{5E71A589-90D8-42F2-AA91-5690E88DEEB1}.Debug|Any CPU.ActiveCfg = Debug|Any CPU
		{5E71A589-90D8-42F2-AA91-5690E88DEEB1}.Debug|Any CPU.Build.0 = Debug|Any CPU
		{5E71A589-90D8-42F2-AA91-5690E88DEEB1}.Release|Any CPU.ActiveCfg = Release|Any CPU
		{5E71A589-90D8-42F2-AA91-5690E88DEEB1}.Release|Any CPU.Build.0 = Release|Any CPU
	EndGlobalSection
	GlobalSection(SolutionProperties) = preSolution
		HideSolutionNode = FALSE
	EndGlobalSection
	GlobalSection(ExtensibilityGlobals) = postSolution
		SolutionGuid = {652DF806-1458-40B3-A3CA-C2201218E31C}
	EndGlobalSection
EndGlobal
